
Microsoft Visual Studio Solution File, Format Version 12.00
Project("{FAE04EC0-301F-11D3-BF4B-00C04F79EFBC}") = "06-Oscars", "06-Oscars\06-Oscars.csproj", "{8742AD8D-DF7E-4A27-9EAC-59B529775498}"
EndProject
Project("{FAE04EC0-301F-11D3-BF4B-00C04F79EFBC}") = "02-HalfSumElement", "02-HalfSumElement\02-HalfSumElement.csproj", "{6ED50163-1EB8-423F-994F-58C99443211B}"
EndProject
Project("{FAE04EC0-301F-11D3-BF4B-00C04F79EFBC}") = "08-TennisRanklist", "08-TennisRanklist\08-TennisRanklist.csproj", "{CA638526-C199-4061-92DB-B649355235E3}"
EndProject
Global
	GlobalSection(SolutionConfigurationPlatforms) = preSolution
		Debug|Any CPU = Debug|Any CPU
		Release|Any CPU = Release|Any CPU
	EndGlobalSection
	GlobalSection(ProjectConfigurationPlatforms) = postSolution
		{8742AD8D-DF7E-4A27-9EAC-59B529775498}.Debug|Any CPU.ActiveCfg = Debug|Any CPU
		{8742AD8D-DF7E-4A27-9EAC-59B529775498}.Debug|Any CPU.Build.0 = Debug|Any CPU
		{8742AD8D-DF7E-4A27-9EAC-59B529775498}.Release|Any CPU.ActiveCfg = Release|Any CPU
		{8742AD8D-DF7E-4A27-9EAC-59B529775498}.Release|Any CPU.Build.0 = Release|Any CPU
		{6ED50163-1EB8-423F-994F-58C99443211B}.Debug|Any CPU.ActiveCfg = Debug|Any CPU
		{6ED50163-1EB8-423F-994F-58C99443211B}.Debug|Any CPU.Build.0 = Debug|Any CPU
		{6ED50163-1EB8-423F-994F-58C99443211B}.Release|Any CPU.ActiveCfg = Release|Any CPU
		{6ED50163-1EB8-423F-994F-58C99443211B}.Release|Any CPU.Build.0 = Release|Any CPU
		{CA638526-C199-4061-92DB-B649355235E3}.Debug|Any CPU.ActiveCfg = Debug|Any CPU
		{CA638526-C199-4061-92DB-B649355235E3}.Debug|Any CPU.Build.0 = Debug|Any CPU
		{CA638526-C199-4061-92DB-B649355235E3}.Release|Any CPU.ActiveCfg = Release|Any CPU
		{CA638526-C199-4061-92DB-B649355235E3}.Release|Any CPU.Build.0 = Release|Any CPU
	EndGlobalSection
EndGlobal
